
Microsoft Visual Studio Solution File, Format Version 12.00
# Visual Studio 15
VisualStudioVersion = 15.0.27703.2042
MinimumVisualStudioVersion = 10.0.40219.1
Project("{FAE04EC0-301F-11D3-BF4B-00C04F79EFBC}") = "UserName.Android", "UserName\UserName.Android\UserName.Android.csproj", "{7B964F1B-77E3-45C6-A79E-CF2D3001FABD}"
EndProject
Project("{FAE04EC0-301F-11D3-BF4B-00C04F79EFBC}") = "UserName.iOS", "UserName\UserName.iOS\UserName.iOS.csproj", "{EDF3A5BC-1547-4BE0-825B-094EDDD74F34}"
EndProject
Project("{FAE04EC0-301F-11D3-BF4B-00C04F79EFBC}") = "UserName", "UserName\UserName\UserName.csproj", "{0D7BCA52-49E9-4A3F-A291-9883574FBBF9}"
EndProject
Global
	GlobalSection(SolutionConfigurationPlatforms) = preSolution
		Ad-Hoc|Any CPU = Ad-Hoc|Any CPU
		Ad-Hoc|iPhone = Ad-Hoc|iPhone
		Ad-Hoc|iPhoneSimulator = Ad-Hoc|iPhoneSimulator
		AppStore|Any CPU = AppStore|Any CPU
		AppStore|iPhone = AppStore|iPhone
		AppStore|iPhoneSimulator = AppStore|iPhoneSimulator
		Debug|Any CPU = Debug|Any CPU
		Debug|iPhone = Debug|iPhone
		Debug|iPhoneSimulator = Debug|iPhoneSimulator
		Release|Any CPU = Release|Any CPU
		Release|iPhone = Release|iPhone
		Release|iPhoneSimulator = Release|iPhoneSimulator
	EndGlobalSection
	GlobalSection(ProjectConfigurationPlatforms) = postSolution
		{7B964F1B-77E3-45C6-A79E-CF2D3001FABD}.Ad-Hoc|Any CPU.ActiveCfg = Release|Any CPU
		{7B964F1B-77E3-45C6-A79E-CF2D3001FABD}.Ad-Hoc|Any CPU.Build.0 = Release|Any CPU
		{7B964F1B-77E3-45C6-A79E-CF2D3001FABD}.Ad-Hoc|Any CPU.Deploy.0 = Release|Any CPU
		{7B964F1B-77E3-45C6-A79E-CF2D3001FABD}.Ad-Hoc|iPhone.ActiveCfg = Release|Any CPU
		{7B964F1B-77E3-45C6-A79E-CF2D3001FABD}.Ad-Hoc|iPhone.Build.0 = Release|Any CPU
		{7B964F1B-77E3-45C6-A79E-CF2D3001FABD}.Ad-Hoc|iPhone.Deploy.0 = Release|Any CPU
		{7B964F1B-77E3-45C6-A79E-CF2D3001FABD}.Ad-Hoc|iPhoneSimulator.ActiveCfg = Release|Any CPU
		{7B964F1B-77E3-45C6-A79E-CF2D3001FABD}.Ad-Hoc|iPhoneSimulator.Build.0 = Release|Any CPU
		{7B964F1B-77E3-45C6-A79E-CF2D3001FABD}.Ad-Hoc|iPhoneSimulator.Deploy.0 = Release|Any CPU
		{7B964F1B-77E3-45C6-A79E-CF2D3001FABD}.AppStore|Any CPU.ActiveCfg = Release|Any CPU
		{7B964F1B-77E3-45C6-A79E-CF2D3001FABD}.AppStore|Any CPU.Build.0 = Release|Any CPU
		{7B964F1B-77E3-45C6-A79E-CF2D3001FABD}.AppStore|Any CPU.Deploy.0 = Release|Any CPU
		{7B964F1B-77E3-45C6-A79E-CF2D3001FABD}.AppStore|iPhone.ActiveCfg = Release|Any CPU
		{7B964F1B-77E3-45C6-A79E-CF2D3001FABD}.AppStore|iPhone.Build.0 = Release|Any CPU
		{7B964F1B-77E3-45C6-A79E-CF2D3001FABD}.AppStore|iPhone.Deploy.0 = Release|Any CPU
		{7B964F1B-77E3-45C6-A79E-CF2D3001FABD}.AppStore|iPhoneSimulator.ActiveCfg = Release|Any CPU
		{7B964F1B-77E3-45C6-A79E-CF2D3001FABD}.AppStore|iPhoneSimulator.Build.0 = Release|Any CPU
		{7B964F1B-77E3-45C6-A79E-CF2D3001FABD}.AppStore|iPhoneSimulator.Deploy.0 = Release|Any CPU
		{7B964F1B-77E3-45C6-A79E-CF2D3001FABD}.Debug|Any CPU.ActiveCfg = Debug|Any CPU
		{7B964F1B-77E3-45C6-A79E-CF2D3001FABD}.Debug|Any CPU.Build.0 = Debug|Any CPU
		{7B964F1B-77E3-45C6-A79E-CF2D3001FABD}.Debug|Any CPU.Deploy.0 = Debug|Any CPU
		{7B964F1B-77E3-45C6-A79E-CF2D3001FABD}.Debug|iPhone.ActiveCfg = Debug|Any CPU
		{7B964F1B-77E3-45C6-A79E-CF2D3001FABD}.Debug|iPhone.Build.0 = Debug|Any CPU
		{7B964F1B-77E3-45C6-A79E-CF2D3001FABD}.Debug|iPhone.Deploy.0 = Debug|Any CPU
		{7B964F1B-77E3-45C6-A79E-CF2D3001FABD}.Debug|iPhoneSimulator.ActiveCfg = Debug|Any CPU
		{7B964F1B-77E3-45C6-A79E-CF2D3001FABD}.Debug|iPhoneSimulator.Build.0 = Debug|Any CPU
		{7B964F1B-77E3-45C6-A79E-CF2D3001FABD}.Debug|iPhoneSimulator.Deploy.0 = Debug|Any CPU
		{7B964F1B-77E3-45C6-A79E-CF2D3001FABD}.Release|Any CPU.ActiveCfg = Release|Any CPU
		{7B964F1B-77E3-45C6-A79E-CF2D3001FABD}.Release|Any CPU.Build.0 = Release|Any CPU
		{7B964F1B-77E3-45C6-A79E-CF2D3001FABD}.Release|Any CPU.Deploy.0 = Release|Any CPU
		{7B964F1B-77E3-45C6-A79E-CF2D3001FABD}.Release|iPhone.ActiveCfg = Release|Any CPU
		{7B964F1B-77E3-45C6-A79E-CF2D3001FABD}.Release|iPhone.Build.0 = Release|Any CPU
		{7B964F1B-77E3-45C6-A79E-CF2D3001FABD}.Release|iPhone.Deploy.0 = Release|Any CPU
		{7B964F1B-77E3-45C6-A79E-CF2D3001FABD}.Release|iPhoneSimulator.ActiveCfg = Release|Any CPU
		{7B964F1B-77E3-45C6-A79E-CF2D3001FABD}.Release|iPhoneSimulator.Build.0 = Release|Any CPU
		{7B964F1B-77E3-45C6-A79E-CF2D3001FABD}.Release|iPhoneSimulator.Deploy.0 = Release|Any CPU
		{EDF3A5BC-1547-4BE0-825B-094EDDD74F34}.Ad-Hoc|Any CPU.ActiveCfg = Ad-Hoc|iPhone
		{EDF3A5BC-1547-4BE0-825B-094EDDD74F34}.Ad-Hoc|Any CPU.Build.0 = Ad-Hoc|iPhone
		{EDF3A5BC-1547-4BE0-825B-094EDDD74F34}.Ad-Hoc|Any CPU.Deploy.0 = Ad-Hoc|iPhone
		{EDF3A5BC-1547-4BE0-825B-094EDDD74F34}.Ad-Hoc|iPhone.ActiveCfg = Ad-Hoc|iPhone
		{EDF3A5BC-1547-4BE0-825B-094EDDD74F34}.Ad-Hoc|iPhone.Build.0 = Ad-Hoc|iPhone
		{EDF3A5BC-1547-4BE0-825B-094EDDD74F34}.Ad-Hoc|iPhone.Deploy.0 = Ad-Hoc|iPhone
		{EDF3A5BC-1547-4BE0-825B-094EDDD74F34}.Ad-Hoc|iPhoneSimulator.ActiveCfg = Ad-Hoc|iPhoneSimulator
		{EDF3A5BC-1547-4BE0-825B-094EDDD74F34}.Ad-Hoc|iPhoneSimulator.Build.0 = Ad-Hoc|iPhoneSimulator
		{EDF3A5BC-1547-4BE0-825B-094EDDD74F34}.Ad-Hoc|iPhoneSimulator.Deploy.0 = Ad-Hoc|iPhoneSimulator
		{EDF3A5BC-1547-4BE0-825B-094EDDD74F34}.AppStore|Any CPU.ActiveCfg = AppStore|iPhone
		{EDF3A5BC-1547-4BE0-825B-094EDDD74F34}.AppStore|Any CPU.Build.0 = AppStore|iPhone
		{EDF3A5BC-1547-4BE0-825B-094EDDD74F34}.AppStore|Any CPU.Deploy.0 = AppStore|iPhone
		{EDF3A5BC-1547-4BE0-825B-094EDDD74F34}.AppStore|iPhone.ActiveCfg = AppStore|iPhone
		{EDF3A5BC-1547-4BE0-825B-094EDDD74F34}.AppStore|iPhone.Build.0 = AppStore|iPhone
		{EDF3A5BC-1547-4BE0-825B-094EDDD74F34}.AppStore|iPhone.Deploy.0 = AppStore|iPhone
		{EDF3A5BC-1547-4BE0-825B-094EDDD74F34}.AppStore|iPhoneSimulator.ActiveCfg = AppStore|iPhoneSimulator
		{EDF3A5BC-1547-4BE0-825B-094EDDD74F34}.AppStore|iPhoneSimulator.Build.0 = AppStore|iPhoneSimulator
		{EDF3A5BC-1547-4BE0-825B-094EDDD74F34}.AppStore|iPhoneSimulator.Deploy.0 = AppStore|iPhoneSimulator
		{EDF3A5BC-1547-4BE0-825B-094EDDD74F34}.Debug|Any CPU.ActiveCfg = Debug|iPhoneSimulator
		{EDF3A5BC-1547-4BE0-825B-094EDDD74F34}.Debug|Any CPU.Build.0 = Debug|iPhoneSimulator
		{EDF3A5BC-1547-4BE0-825B-094EDDD74F34}.Debug|Any CPU.Deploy.0 = Debug|iPhoneSimulator
		{EDF3A5BC-1547-4BE0-825B-094EDDD74F34}.Debug|iPhone.ActiveCfg = Debug|iPhone
		{EDF3A5BC-1547-4BE0-825B-094EDDD74F34}.Debug|iPhone.Build.0 = Debug|iPhone
		{EDF3A5BC-1547-4BE0-825B-094EDDD74F34}.Debug|iPhone.Deploy.0 = Debug|iPhone
		{EDF3A5BC-1547-4BE0-825B-094EDDD74F34}.Debug|iPhoneSimulator.ActiveCfg = Debug|iPhoneSimulator
		{EDF3A5BC-1547-4BE0-825B-094EDDD74F34}.Debug|iPhoneSimulator.Build.0 = Debug|iPhoneSimulator
		{EDF3A5BC-1547-4BE0-825B-094EDDD74F34}.Debug|iPhoneSimulator.Deploy.0 = Debug|iPhoneSimulator
		{EDF3A5BC-1547-4BE0-825B-094EDDD74F34}.Release|Any CPU.ActiveCfg = Release|iPhone
		{EDF3A5BC-1547-4BE0-825B-094EDDD74F34}.Release|Any CPU.Build.0 = Release|iPhone
		{EDF3A5BC-1547-4BE0-825B-094EDDD74F34}.Release|Any CPU.Deploy.0 = Release|iPhone
		{EDF3A5BC-1547-4BE0-825B-094EDDD74F34}.Release|iPhone.ActiveCfg = Release|iPhone
		{EDF3A5BC-1547-4BE0-825B-094EDDD74F34}.Release|iPhone.Build.0 = Release|iPhone
		{EDF3A5BC-1547-4BE0-825B-094EDDD74F34}.Release|iPhone.Deploy.0 = Release|iPhone
		{EDF3A5BC-1547-4BE0-825B-094EDDD74F34}.Release|iPhoneSimulator.ActiveCfg = Release|iPhoneSimulator
		{EDF3A5BC-1547-4BE0-825B-094EDDD74F34}.Release|iPhoneSimulator.Build.0 = Release|iPhoneSimulator
		{EDF3A5BC-1547-4BE0-825B-094EDDD74F34}.Release|iPhoneSimulator.Deploy.0 = Release|iPhoneSimulator
		{0D7BCA52-49E9-4A3F-A291-9883574FBBF9}.Ad-Hoc|Any CPU.ActiveCfg = Debug|Any CPU
		{0D7BCA52-49E9-4A3F-A291-9883574FBBF9}.Ad-Hoc|Any CPU.Build.0 = Debug|Any CPU
		{0D7BCA52-49E9-4A3F-A291-9883574FBBF9}.Ad-Hoc|Any CPU.Deploy.0 = Debug|Any CPU
		{0D7BCA52-49E9-4A3F-A291-9883574FBBF9}.Ad-Hoc|iPhone.ActiveCfg = Debug|Any CPU
		{0D7BCA52-49E9-4A3F-A291-9883574FBBF9}.Ad-Hoc|iPhone.Build.0 = Debug|Any CPU
		{0D7BCA52-49E9-4A3F-A291-9883574FBBF9}.Ad-Hoc|iPhone.Deploy.0 = Debug|Any CPU
		{0D7BCA52-49E9-4A3F-A291-9883574FBBF9}.Ad-Hoc|iPhoneSimulator.ActiveCfg = Debug|Any CPU
		{0D7BCA52-49E9-4A3F-A291-9883574FBBF9}.Ad-Hoc|iPhoneSimulator.Build.0 = Debug|Any CPU
		{0D7BCA52-49E9-4A3F-A291-9883574FBBF9}.Ad-Hoc|iPhoneSimulator.Deploy.0 = Debug|Any CPU
		{0D7BCA52-49E9-4A3F-A291-9883574FBBF9}.AppStore|Any CPU.ActiveCfg = Debug|Any CPU
		{0D7BCA52-49E9-4A3F-A291-9883574FBBF9}.AppStore|Any CPU.Build.0 = Debug|Any CPU
		{0D7BCA52-49E9-4A3F-A291-9883574FBBF9}.AppStore|Any CPU.Deploy.0 = Debug|Any CPU
		{0D7BCA52-49E9-4A3F-A291-9883574FBBF9}.AppStore|iPhone.ActiveCfg = Debug|Any CPU
		{0D7BCA52-49E9-4A3F-A291-9883574FBBF9}.AppStore|iPhone.Build.0 = Debug|Any CPU
		{0D7BCA52-49E9-4A3F-A291-9883574FBBF9}.AppStore|iPhone.Deploy.0 = Debug|Any CPU
		{0D7BCA52-49E9-4A3F-A291-9883574FBBF9}.AppStore|iPhoneSimulator.ActiveCfg = Debug|Any CPU
		{0D7BCA52-49E9-4A3F-A291-9883574FBBF9}.AppStore|iPhoneSimulator.Build.0 = Debug|Any CPU
		{0D7BCA52-49E9-4A3F-A291-9883574FBBF9}.AppStore|iPhoneSimulator.Deploy.0 = Debug|Any CPU
		{0D7BCA52-49E9-4A3F-A291-9883574FBBF9}.Debug|Any CPU.ActiveCfg = Debug|Any CPU
		{0D7BCA52-49E9-4A3F-A291-9883574FBBF9}.Debug|Any CPU.Build.0 = Debug|Any CPU
		{0D7BCA52-49E9-4A3F-A291-9883574FBBF9}.Debug|Any CPU.Deploy.0 = Debug|Any CPU
		{0D7BCA52-49E9-4A3F-A291-9883574FBBF9}.Debug|iPhone.ActiveCfg = Debug|Any CPU
		{0D7BCA52-49E9-4A3F-A291-9883574FBBF9}.Debug|iPhone.Build.0 = Debug|Any CPU
		{0D7BCA52-49E9-4A3F-A291-9883574FBBF9}.Debug|iPhone.Deploy.0 = Debug|Any CPU
		{0D7BCA52-49E9-4A3F-A291-9883574FBBF9}.Debug|iPhoneSimulator.ActiveCfg = Debug|Any CPU
		{0D7BCA52-49E9-4A3F-A291-9883574FBBF9}.Debug|iPhoneSimulator.Build.0 = Debug|Any CPU
		{0D7BCA52-49E9-4A3F-A291-9883574FBBF9}.Debug|iPhoneSimulator.Deploy.0 = Debug|Any CPU
		{0D7BCA52-49E9-4A3F-A291-9883574FBBF9}.Release|Any CPU.ActiveCfg = Release|Any CPU
		{0D7BCA52-49E9-4A3F-A291-9883574FBBF9}.Release|Any CPU.Build.0 = Release|Any CPU
		{0D7BCA52-49E9-4A3F-A291-9883574FBBF9}.Release|Any CPU.Deploy.0 = Release|Any CPU
		{0D7BCA52-49E9-4A3F-A291-9883574FBBF9}.Release|iPhone.ActiveCfg = Release|Any CPU
		{0D7BCA52-49E9-4A3F-A291-9883574FBBF9}.Release|iPhone.Build.0 = Release|Any CPU
		{0D7BCA52-49E9-4A3F-A291-9883574FBBF9}.Release|iPhone.Deploy.0 = Release|Any CPU
		{0D7BCA52-49E9-4A3F-A291-9883574FBBF9}.Release|iPhoneSimulator.ActiveCfg = Release|Any CPU
		{0D7BCA52-49E9-4A3F-A291-9883574FBBF9}.Release|iPhoneSimulator.Build.0 = Release|Any CPU
		{0D7BCA52-49E9-4A3F-A291-9883574FBBF9}.Release|iPhoneSimulator.Deploy.0 = Release|Any CPU
	EndGlobalSection
	GlobalSection(SolutionProperties) = preSolution
		HideSolutionNode = FALSE
	EndGlobalSection
	GlobalSection(ExtensibilityGlobals) = postSolution
		SolutionGuid = {DD6D19DA-289A-41E9-8CDE-23B01152D988}
	EndGlobalSection
EndGlobal
